
Microsoft Visual Studio Solution File, Format Version 12.00
# Visual Studio Version 17
VisualStudioVersion = 17.13.35806.99 d17.13
MinimumVisualStudioVersion = 10.0.40219.1
Project("{FAE04EC0-301F-11D3-BF4B-00C04F79EFBC}") = "NewsApp", "NewsApp\NewsApp.csproj", "{59849547-9309-4FD2-81D1-8892B23CE62B}"
EndProject
Global
	GlobalSection(SolutionConfigurationPlatforms) = preSolution
		Debug|Any CPU = Debug|Any CPU
		Release|Any CPU = Release|Any CPU
	EndGlobalSection
	GlobalSection(ProjectConfigurationPlatforms) = postSolution
		{59849547-9309-4FD2-81D1-8892B23CE62B}.Debug|Any CPU.ActiveCfg = Debug|Any CPU
		{59849547-9309-4FD2-81D1-8892B23CE62B}.Debug|Any CPU.Build.0 = Debug|Any CPU
		{59849547-9309-4FD2-81D1-8892B23CE62B}.Release|Any CPU.ActiveCfg = Release|Any CPU
		{59849547-9309-4FD2-81D1-8892B23CE62B}.Release|Any CPU.Build.0 = Release|Any CPU
	EndGlobalSection
	GlobalSection(SolutionProperties) = preSolution
		HideSolutionNode = FALSE
	EndGlobalSection
	GlobalSection(ExtensibilityGlobals) = postSolution
		SolutionGuid = {00FCBDAF-F03A-4F4E-9E3A-233573A696CE}
	EndGlobalSection
EndGlobal
